{
  "name": "ball-physics-duplicate",
  "version": "1.0.0",
  "lockfileVersion": 3,
  "requires": true,
  "packages": {
    "": {
      "name": "ball-physics-duplicate",
      "version": "1.0.0",
      "license": "ISC",
      "dependencies": {
        "planck-js": "^1.3.0"
      }
    },
    "node_modules/planck-js": {
      "version": "1.3.0",
      "resolved": "https://registry.npmjs.org/planck-js/-/planck-js-1.3.0.tgz",
      "integrity": "sha512-5ofYj1PW4x2Q/0vaNotZm1nNtjUaBbHRez+ABUhVb+9IyQ7ylzBJsU9og/fx/fHJ2Tfzdw5kTiqwAIxEeQzSXw==",
      "deprecated": "Please use 'planck' package instead of 'planck-js'",
      "engines": {
        "node": ">=14.0"
      },
      "peerDependencies": {
        "stage-js": "^1.0.0-alpha.12"
      }
    },
    "node_modules/stage-js": {
      "version": "1.0.0-alpha.17",
      "resolved": "https://registry.npmjs.org/stage-js/-/stage-js-1.0.0-alpha.17.tgz",
      "integrity": "sha512-AzlMO+t51v6cFvKZ+Oe9DJnL1OXEH5s9bEy6di5aOrUpcP7PCzI/wIeXF0u3zg0L89gwnceoKxrLId0ZpYnNXw==",
      "peer": true,
      "engines": {
        "node": ">=18.0"
      }
    }
  }
}
